
Microsoft Visual Studio Solution File, Format Version 12.00
# Visual Studio Version 17
VisualStudioVersion = 17.10.35027.167
MinimumVisualStudioVersion = 10.0.40219.1
Project("{2150E333-8FDC-42A3-9474-1A3956D46DE8}") = "Core", "Core", "{A0C4FD48-B36F-4307-A0C1-C3220CF9E89C}"
EndProject
Project("{2150E333-8FDC-42A3-9474-1A3956D46DE8}") = "Infrastructure", "Infrastructure", "{8447B2EA-128E-455C-950D-0C34A97C41B0}"
EndProject
Project("{2150E333-8FDC-42A3-9474-1A3956D46DE8}") = "Presentation", "Presentation", "{6CE77E8F-E493-42D7-ACD8-810BA06092AD}"
EndProject
Project("{9A19103F-16F7-4668-BE54-9A1E7A4F7556}") = "GreenDelight.Application", "Core\GreenDelight.Apllication\GreenDelight.Application.csproj", "{83E153FC-5875-40EE-AB04-F7C253173FEE}"
EndProject
Project("{9A19103F-16F7-4668-BE54-9A1E7A4F7556}") = "GreenDelight.Domain", "Core\GreenDelight.Domain\GreenDelight.Domain.csproj", "{E08264D5-06B2-40EB-972E-C5E4825A0667}"
EndProject
Project("{9A19103F-16F7-4668-BE54-9A1E7A4F7556}") = "GreenDelight.Infrastructure", "Infrastructure\GreenDelight.Infrastructure\GreenDelight.Infrastructure.csproj", "{753665EE-F089-445C-A65D-927DD8ABFACE}"
EndProject
Project("{9A19103F-16F7-4668-BE54-9A1E7A4F7556}") = "GreenDelight.Persistence", "Infrastructure\GreenDelight.Persistence\GreenDelight.Persistence.csproj", "{4E6693F3-9C3F-456B-B992-0DD6CE803936}"
EndProject
Project("{9A19103F-16F7-4668-BE54-9A1E7A4F7556}") = "GreenDelight.API", "Presentation\GreenDelight.API\GreenDelight.API.csproj", "{0D9ABE2A-9A29-4DEF-946B-81832E372418}"
EndProject
Global
	GlobalSection(SolutionConfigurationPlatforms) = preSolution
		Debug|Any CPU = Debug|Any CPU
		Release|Any CPU = Release|Any CPU
	EndGlobalSection
	GlobalSection(ProjectConfigurationPlatforms) = postSolution
		{83E153FC-5875-40EE-AB04-F7C253173FEE}.Debug|Any CPU.ActiveCfg = Debug|Any CPU
		{83E153FC-5875-40EE-AB04-F7C253173FEE}.Debug|Any CPU.Build.0 = Debug|Any CPU
		{83E153FC-5875-40EE-AB04-F7C253173FEE}.Release|Any CPU.ActiveCfg = Release|Any CPU
		{83E153FC-5875-40EE-AB04-F7C253173FEE}.Release|Any CPU.Build.0 = Release|Any CPU
		{E08264D5-06B2-40EB-972E-C5E4825A0667}.Debug|Any CPU.ActiveCfg = Debug|Any CPU
		{E08264D5-06B2-40EB-972E-C5E4825A0667}.Debug|Any CPU.Build.0 = Debug|Any CPU
		{E08264D5-06B2-40EB-972E-C5E4825A0667}.Release|Any CPU.ActiveCfg = Release|Any CPU
		{E08264D5-06B2-40EB-972E-C5E4825A0667}.Release|Any CPU.Build.0 = Release|Any CPU
		{753665EE-F089-445C-A65D-927DD8ABFACE}.Debug|Any CPU.ActiveCfg = Debug|Any CPU
		{753665EE-F089-445C-A65D-927DD8ABFACE}.Debug|Any CPU.Build.0 = Debug|Any CPU
		{753665EE-F089-445C-A65D-927DD8ABFACE}.Release|Any CPU.ActiveCfg = Release|Any CPU
		{753665EE-F089-445C-A65D-927DD8ABFACE}.Release|Any CPU.Build.0 = Release|Any CPU
		{4E6693F3-9C3F-456B-B992-0DD6CE803936}.Debug|Any CPU.ActiveCfg = Debug|Any CPU
		{4E6693F3-9C3F-456B-B992-0DD6CE803936}.Debug|Any CPU.Build.0 = Debug|Any CPU
		{4E6693F3-9C3F-456B-B992-0DD6CE803936}.Release|Any CPU.ActiveCfg = Release|Any CPU
		{4E6693F3-9C3F-456B-B992-0DD6CE803936}.Release|Any CPU.Build.0 = Release|Any CPU
		{0D9ABE2A-9A29-4DEF-946B-81832E372418}.Debug|Any CPU.ActiveCfg = Debug|Any CPU
		{0D9ABE2A-9A29-4DEF-946B-81832E372418}.Debug|Any CPU.Build.0 = Debug|Any CPU
		{0D9ABE2A-9A29-4DEF-946B-81832E372418}.Release|Any CPU.ActiveCfg = Release|Any CPU
		{0D9ABE2A-9A29-4DEF-946B-81832E372418}.Release|Any CPU.Build.0 = Release|Any CPU
	EndGlobalSection
	GlobalSection(SolutionProperties) = preSolution
		HideSolutionNode = FALSE
	EndGlobalSection
	GlobalSection(NestedProjects) = preSolution
		{83E153FC-5875-40EE-AB04-F7C253173FEE} = {A0C4FD48-B36F-4307-A0C1-C3220CF9E89C}
		{E08264D5-06B2-40EB-972E-C5E4825A0667} = {A0C4FD48-B36F-4307-A0C1-C3220CF9E89C}
		{753665EE-F089-445C-A65D-927DD8ABFACE} = {8447B2EA-128E-455C-950D-0C34A97C41B0}
		{4E6693F3-9C3F-456B-B992-0DD6CE803936} = {8447B2EA-128E-455C-950D-0C34A97C41B0}
		{0D9ABE2A-9A29-4DEF-946B-81832E372418} = {6CE77E8F-E493-42D7-ACD8-810BA06092AD}
	EndGlobalSection
	GlobalSection(ExtensibilityGlobals) = postSolution
		SolutionGuid = {F7EB1112-7C10-4A43-8955-C23660277662}
	EndGlobalSection
EndGlobal
